
Microsoft Visual Studio Solution File, Format Version 12.00
# Visual Studio Version 17
VisualStudioVersion = 17.0.31912.275
MinimumVisualStudioVersion = 10.0.40219.1
Project("{9A19103F-16F7-4668-BE54-9A1E7A4F7556}") = "BDD", "Fleuriste\BDD.csproj", "{F7A6D10F-71AB-4D4B-9DE4-FF89C7893638}"
EndProject
Project("{FAE04EC0-301F-11D3-BF4B-00C04F79EFBC}") = "BDDTest", "BDDTest\BDDTest.csproj", "{74D88590-D9D4-46BD-BAA6-6725895CE349}"
EndProject
Global
	GlobalSection(SolutionConfigurationPlatforms) = preSolution
		Debug|Any CPU = Debug|Any CPU
		Release|Any CPU = Release|Any CPU
	EndGlobalSection
	GlobalSection(ProjectConfigurationPlatforms) = postSolution
		{F7A6D10F-71AB-4D4B-9DE4-FF89C7893638}.Debug|Any CPU.ActiveCfg = Debug|Any CPU
		{F7A6D10F-71AB-4D4B-9DE4-FF89C7893638}.Debug|Any CPU.Build.0 = Debug|Any CPU
		{F7A6D10F-71AB-4D4B-9DE4-FF89C7893638}.Release|Any CPU.ActiveCfg = Release|Any CPU
		{F7A6D10F-71AB-4D4B-9DE4-FF89C7893638}.Release|Any CPU.Build.0 = Release|Any CPU
		{74D88590-D9D4-46BD-BAA6-6725895CE349}.Debug|Any CPU.ActiveCfg = Debug|Any CPU
		{74D88590-D9D4-46BD-BAA6-6725895CE349}.Debug|Any CPU.Build.0 = Debug|Any CPU
		{74D88590-D9D4-46BD-BAA6-6725895CE349}.Release|Any CPU.ActiveCfg = Release|Any CPU
		{74D88590-D9D4-46BD-BAA6-6725895CE349}.Release|Any CPU.Build.0 = Release|Any CPU
	EndGlobalSection
	GlobalSection(SolutionProperties) = preSolution
		HideSolutionNode = FALSE
	EndGlobalSection
	GlobalSection(ExtensibilityGlobals) = postSolution
		SolutionGuid = {BF7D85BD-652B-4A54-A2D8-958F145662BA}
	EndGlobalSection
EndGlobal
